
Microsoft Visual Studio Solution File, Format Version 12.00
# Visual Studio 15
VisualStudioVersion = 15.0.27130.2036
MinimumVisualStudioVersion = 10.0.40219.1
Project("{FAE04EC0-301F-11D3-BF4B-00C04F79EFBC}") = "DZ1", "DZ1\DZ1.csproj", "{B8E47CA9-77FF-48AC-AE8A-54857FF9B5EE}"
EndProject
Global
	GlobalSection(SolutionConfigurationPlatforms) = preSolution
		Debug|Any CPU = Debug|Any CPU
		Release|Any CPU = Release|Any CPU
	EndGlobalSection
	GlobalSection(ProjectConfigurationPlatforms) = postSolution
		{B8E47CA9-77FF-48AC-AE8A-54857FF9B5EE}.Debug|Any CPU.ActiveCfg = Debug|Any CPU
		{B8E47CA9-77FF-48AC-AE8A-54857FF9B5EE}.Debug|Any CPU.Build.0 = Debug|Any CPU
		{B8E47CA9-77FF-48AC-AE8A-54857FF9B5EE}.Release|Any CPU.ActiveCfg = Release|Any CPU
		{B8E47CA9-77FF-48AC-AE8A-54857FF9B5EE}.Release|Any CPU.Build.0 = Release|Any CPU
	EndGlobalSection
	GlobalSection(SolutionProperties) = preSolution
		HideSolutionNode = FALSE
	EndGlobalSection
	GlobalSection(ExtensibilityGlobals) = postSolution
		SolutionGuid = {D3F2AD30-E99C-40D1-A02D-8AE24B1EBA0D}
	EndGlobalSection
EndGlobal
